
Microsoft Visual Studio Solution File, Format Version 12.00
# Visual Studio Version 16
VisualStudioVersion = 16.0.31019.35
MinimumVisualStudioVersion = 10.0.40219.1
Project("{9A19103F-16F7-4668-BE54-9A1E7A4F7556}") = "LoanCalculator", "LoanCalculator.csproj", "{122C28AB-E381-43C4-AC72-A41BEC27F178}"
EndProject
Project("{FAE04EC0-301F-11D3-BF4B-00C04F79EFBC}") = "UnitTests", "UnitTests\UnitTests.csproj", "{676D473D-3A0D-443E-BEB8-9388C942C284}"
EndProject
Global
	GlobalSection(SolutionConfigurationPlatforms) = preSolution
		Debug|Any CPU = Debug|Any CPU
		Release|Any CPU = Release|Any CPU
	EndGlobalSection
	GlobalSection(ProjectConfigurationPlatforms) = postSolution
		{122C28AB-E381-43C4-AC72-A41BEC27F178}.Debug|Any CPU.ActiveCfg = Debug|Any CPU
		{122C28AB-E381-43C4-AC72-A41BEC27F178}.Debug|Any CPU.Build.0 = Debug|Any CPU
		{122C28AB-E381-43C4-AC72-A41BEC27F178}.Release|Any CPU.ActiveCfg = Release|Any CPU
		{122C28AB-E381-43C4-AC72-A41BEC27F178}.Release|Any CPU.Build.0 = Release|Any CPU
		{676D473D-3A0D-443E-BEB8-9388C942C284}.Debug|Any CPU.ActiveCfg = Debug|Any CPU
		{676D473D-3A0D-443E-BEB8-9388C942C284}.Debug|Any CPU.Build.0 = Debug|Any CPU
		{676D473D-3A0D-443E-BEB8-9388C942C284}.Release|Any CPU.ActiveCfg = Release|Any CPU
		{676D473D-3A0D-443E-BEB8-9388C942C284}.Release|Any CPU.Build.0 = Release|Any CPU
	EndGlobalSection
	GlobalSection(SolutionProperties) = preSolution
		HideSolutionNode = FALSE
	EndGlobalSection
	GlobalSection(ExtensibilityGlobals) = postSolution
		SolutionGuid = {689E9C06-1745-445F-BDCC-1A22D8664B7C}
	EndGlobalSection
EndGlobal
